Microsoft Visual Studio Solution File, Format Version 12.00
# Visual Studio Version 17
VisualStudioVersion = 17.5.2.0
MinimumVisualStudioVersion = 10.0.40219.1
Project("{FAE04EC0-301F-11D3-BF4B-00C04F79EFBC}") = "ArsanFWebApp", "ArsanFWebApp.csproj", "{0F0FC862-EF81-5C94-286D-0006FBA18A75}"
EndProject
Global
	GlobalSection(SolutionConfigurationPlatforms) = preSolution
		Debug|Any CPU = Debug|Any CPU
		Release|Any CPU = Release|Any CPU
	EndGlobalSection
	GlobalSection(ProjectConfigurationPlatforms) = postSolution
		{0F0FC862-EF81-5C94-286D-0006FBA18A75}.Debug|Any CPU.ActiveCfg = Debug|Any CPU
		{0F0FC862-EF81-5C94-286D-0006FBA18A75}.Debug|Any CPU.Build.0 = Debug|Any CPU
		{0F0FC862-EF81-5C94-286D-0006FBA18A75}.Release|Any CPU.ActiveCfg = Release|Any CPU
		{0F0FC862-EF81-5C94-286D-0006FBA18A75}.Release|Any CPU.Build.0 = Release|Any CPU
	EndGlobalSection
	GlobalSection(SolutionProperties) = preSolution
		HideSolutionNode = FALSE
	EndGlobalSection
	GlobalSection(ExtensibilityGlobals) = postSolution
		SolutionGuid = {C01BA3BE-4CFC-466F-8B34-C926B1D24DED}
	EndGlobalSection
EndGlobal
